
Microsoft Visual Studio Solution File, Format Version 12.00
# Visual Studio 15
VisualStudioVersion = 15.0.28307.645
MinimumVisualStudioVersion = 10.0.40219.1
Project("{FAE04EC0-301F-11D3-BF4B-00C04F79EFBC}") = "MOD.GATEWAY", "MOD.GATEWAY\MOD.GATEWAY.csproj", "{7DC7FC33-C466-45E7-981B-13CB28FD73DC}"
EndProject
Project("{FAE04EC0-301F-11D3-BF4B-00C04F79EFBC}") = "MOD.USER", "MOD.USER\MOD.USER.csproj", "{2670FA8D-94D3-4B9B-96AE-E9C19388D520}"
EndProject
Project("{FAE04EC0-301F-11D3-BF4B-00C04F79EFBC}") = "MOD.TRAINING", "MOD.TRAINING\MOD.TRAINING.csproj", "{178381FD-BCDF-4C12-B179-BD8B7B768EB0}"
EndProject
Project("{FAE04EC0-301F-11D3-BF4B-00C04F79EFBC}") = "MOD.TECHNOLOGY", "MOD.TECHNOLOGY\MOD.TECHNOLOGY.csproj", "{26E58C60-00C5-4408-A6C4-74F3FA296B62}"
EndProject
Project("{FAE04EC0-301F-11D3-BF4B-00C04F79EFBC}") = "MOD.SEARCH", "MOD.SEARCH\MOD.SEARCH.csproj", "{3AC2F8AD-55EF-4F76-9B03-0FA460E35490}"
EndProject
Project("{FAE04EC0-301F-11D3-BF4B-00C04F79EFBC}") = "MOD.SECURITY", "MOD.SECURITY\MOD.SECURITY.csproj", "{E6B1E6EA-8E0B-40C7-A1B8-0A6E72027F3F}"
EndProject
Project("{FAE04EC0-301F-11D3-BF4B-00C04F79EFBC}") = "MOD.PAYMENT", "MOD.PAYMENT\MOD.PAYMENT.csproj", "{6A54D64D-DA77-44A4-A01A-FD8593D8AB63}"
EndProject
Project("{FAE04EC0-301F-11D3-BF4B-00C04F79EFBC}") = "MOD.DATA", "MOD.DATA\MOD.DATA.csproj", "{BD9A31B9-2AB6-40E4-9E13-FCA6A3E99984}"
EndProject
Global
	GlobalSection(SolutionConfigurationPlatforms) = preSolution
		Debug|Any CPU = Debug|Any CPU
		Release|Any CPU = Release|Any CPU
	EndGlobalSection
	GlobalSection(ProjectConfigurationPlatforms) = postSolution
		{7DC7FC33-C466-45E7-981B-13CB28FD73DC}.Debug|Any CPU.ActiveCfg = Debug|Any CPU
		{7DC7FC33-C466-45E7-981B-13CB28FD73DC}.Debug|Any CPU.Build.0 = Debug|Any CPU
		{7DC7FC33-C466-45E7-981B-13CB28FD73DC}.Release|Any CPU.ActiveCfg = Release|Any CPU
		{7DC7FC33-C466-45E7-981B-13CB28FD73DC}.Release|Any CPU.Build.0 = Release|Any CPU
		{2670FA8D-94D3-4B9B-96AE-E9C19388D520}.Debug|Any CPU.ActiveCfg = Debug|Any CPU
		{2670FA8D-94D3-4B9B-96AE-E9C19388D520}.Debug|Any CPU.Build.0 = Debug|Any CPU
		{2670FA8D-94D3-4B9B-96AE-E9C19388D520}.Release|Any CPU.ActiveCfg = Release|Any CPU
		{2670FA8D-94D3-4B9B-96AE-E9C19388D520}.Release|Any CPU.Build.0 = Release|Any CPU
		{178381FD-BCDF-4C12-B179-BD8B7B768EB0}.Debug|Any CPU.ActiveCfg = Debug|Any CPU
		{178381FD-BCDF-4C12-B179-BD8B7B768EB0}.Debug|Any CPU.Build.0 = Debug|Any CPU
		{178381FD-BCDF-4C12-B179-BD8B7B768EB0}.Release|Any CPU.ActiveCfg = Release|Any CPU
		{178381FD-BCDF-4C12-B179-BD8B7B768EB0}.Release|Any CPU.Build.0 = Release|Any CPU
		{26E58C60-00C5-4408-A6C4-74F3FA296B62}.Debug|Any CPU.ActiveCfg = Debug|Any CPU
		{26E58C60-00C5-4408-A6C4-74F3FA296B62}.Debug|Any CPU.Build.0 = Debug|Any CPU
		{26E58C60-00C5-4408-A6C4-74F3FA296B62}.Release|Any CPU.ActiveCfg = Release|Any CPU
		{26E58C60-00C5-4408-A6C4-74F3FA296B62}.Release|Any CPU.Build.0 = Release|Any CPU
		{3AC2F8AD-55EF-4F76-9B03-0FA460E35490}.Debug|Any CPU.ActiveCfg = Debug|Any CPU
		{3AC2F8AD-55EF-4F76-9B03-0FA460E35490}.Debug|Any CPU.Build.0 = Debug|Any CPU
		{3AC2F8AD-55EF-4F76-9B03-0FA460E35490}.Release|Any CPU.ActiveCfg = Release|Any CPU
		{3AC2F8AD-55EF-4F76-9B03-0FA460E35490}.Release|Any CPU.Build.0 = Release|Any CPU
		{E6B1E6EA-8E0B-40C7-A1B8-0A6E72027F3F}.Debug|Any CPU.ActiveCfg = Debug|Any CPU
		{E6B1E6EA-8E0B-40C7-A1B8-0A6E72027F3F}.Debug|Any CPU.Build.0 = Debug|Any CPU
		{E6B1E6EA-8E0B-40C7-A1B8-0A6E72027F3F}.Release|Any CPU.ActiveCfg = Release|Any CPU
		{E6B1E6EA-8E0B-40C7-A1B8-0A6E72027F3F}.Release|Any CPU.Build.0 = Release|Any CPU
		{6A54D64D-DA77-44A4-A01A-FD8593D8AB63}.Debug|Any CPU.ActiveCfg = Debug|Any CPU
		{6A54D64D-DA77-44A4-A01A-FD8593D8AB63}.Debug|Any CPU.Build.0 = Debug|Any CPU
		{6A54D64D-DA77-44A4-A01A-FD8593D8AB63}.Release|Any CPU.ActiveCfg = Release|Any CPU
		{6A54D64D-DA77-44A4-A01A-FD8593D8AB63}.Release|Any CPU.Build.0 = Release|Any CPU
		{BD9A31B9-2AB6-40E4-9E13-FCA6A3E99984}.Debug|Any CPU.ActiveCfg = Debug|Any CPU
		{BD9A31B9-2AB6-40E4-9E13-FCA6A3E99984}.Debug|Any CPU.Build.0 = Debug|Any CPU
		{BD9A31B9-2AB6-40E4-9E13-FCA6A3E99984}.Release|Any CPU.ActiveCfg = Release|Any CPU
		{BD9A31B9-2AB6-40E4-9E13-FCA6A3E99984}.Release|Any CPU.Build.0 = Release|Any CPU
	EndGlobalSection
	GlobalSection(SolutionProperties) = preSolution
		HideSolutionNode = FALSE
	EndGlobalSection
	GlobalSection(ExtensibilityGlobals) = postSolution
		SolutionGuid = {BBD41559-EDEE-4599-9DE0-6A3836C7F0AE}
	EndGlobalSection
EndGlobal
